{
  "name": "08_nodemon",
  "version": "1.0.0",
  "lockfileVersion": 2,
  "requires": true,
  "packages": {
    "": {
      "name": "08_nodemon",
      "version": "1.0.0",
      "license": "ISC",
      "dependencies": {
        "validator": "^13.7.0"
      },
      "devDependencies": {
        "@types/node": "^18.0.3",
        "@types/validator": "^13.7.4"
      }
    },
    "node_modules/@types/node": {
      "version": "18.0.3",
      "resolved": "https://registry.npmjs.org/@types/node/-/node-18.0.3.tgz",
      "integrity": "sha512-HzNRZtp4eepNitP+BD6k2L6DROIDG4Q0fm4x+dwfsr6LGmROENnok75VGw40628xf+iR24WeMFcHuuBDUAzzsQ==",
      "dev": true
    },
    "node_modules/@types/validator": {
      "version": "13.7.4",
      "resolved": "https://registry.npmjs.org/@types/validator/-/validator-13.7.4.tgz",
      "integrity": "sha512-uAaSWegu2lymY18l+s5nmcXu3sFeeTOl1zhSGoYzcr6T3wz1M+3OcW4UjfPhIhHGd13tIMRDsEpR+d8w/MexwQ==",
      "dev": true
    },
    "node_modules/validator": {
      "version": "13.7.0",
      "resolved": "https://registry.npmjs.org/validator/-/validator-13.7.0.tgz",
      "integrity": "sha512-nYXQLCBkpJ8X6ltALua9dRrZDHVYxjJ1wgskNt1lH9fzGjs3tgojGSCBjmEPwkWS1y29+DrizMTW19Pr9uB2nw==",
      "engines": {
        "node": ">= 0.10"
      }
    }
  },
  "dependencies": {
    "@types/node": {
      "version": "18.0.3",
      "resolved": "https://registry.npmjs.org/@types/node/-/node-18.0.3.tgz",
      "integrity": "sha512-HzNRZtp4eepNitP+BD6k2L6DROIDG4Q0fm4x+dwfsr6LGmROENnok75VGw40628xf+iR24WeMFcHuuBDUAzzsQ==",
      "dev": true
    },
    "@types/validator": {
      "version": "13.7.4",
      "resolved": "https://registry.npmjs.org/@types/validator/-/validator-13.7.4.tgz",
      "integrity": "sha512-uAaSWegu2lymY18l+s5nmcXu3sFeeTOl1zhSGoYzcr6T3wz1M+3OcW4UjfPhIhHGd13tIMRDsEpR+d8w/MexwQ==",
      "dev": true
    },
    "validator": {
      "version": "13.7.0",
      "resolved": "https://registry.npmjs.org/validator/-/validator-13.7.0.tgz",
      "integrity": "sha512-nYXQLCBkpJ8X6ltALua9dRrZDHVYxjJ1wgskNt1lH9fzGjs3tgojGSCBjmEPwkWS1y29+DrizMTW19Pr9uB2nw=="
    }
  }
}
